
Microsoft Visual Studio Solution File, Format Version 12.00
# Visual Studio Version 17
VisualStudioVersion = 17.2.32602.215
MinimumVisualStudioVersion = 10.0.40219.1
Project("{FAE04EC0-301F-11D3-BF4B-00C04F79EFBC}") = "project", "project\project.csproj", "{89BDF88D-B5ED-45ED-A62B-219F03CA3BD4}"
EndProject
Global
	GlobalSection(SolutionConfigurationPlatforms) = preSolution
		Debug|Any CPU = Debug|Any CPU
		Release|Any CPU = Release|Any CPU
	EndGlobalSection
	GlobalSection(ProjectConfigurationPlatforms) = postSolution
		{89BDF88D-B5ED-45ED-A62B-219F03CA3BD4}.Debug|Any CPU.ActiveCfg = Debug|Any CPU
		{89BDF88D-B5ED-45ED-A62B-219F03CA3BD4}.Debug|Any CPU.Build.0 = Debug|Any CPU
		{89BDF88D-B5ED-45ED-A62B-219F03CA3BD4}.Release|Any CPU.ActiveCfg = Release|Any CPU
		{89BDF88D-B5ED-45ED-A62B-219F03CA3BD4}.Release|Any CPU.Build.0 = Release|Any CPU
	EndGlobalSection
	GlobalSection(SolutionProperties) = preSolution
		HideSolutionNode = FALSE
	EndGlobalSection
	GlobalSection(ExtensibilityGlobals) = postSolution
		SolutionGuid = {70711453-9247-4E74-8E7F-5E35987C4EF0}
	EndGlobalSection
EndGlobal
